{
  "name": "ir-emitter",
  "requires": true,
  "lockfileVersion": 1,
  "dependencies": {
    "ir-receiver": {
      "version": "git+https://github.com/niklauslee/ir-receiver.git#16126da41cce5766eaad6f0eb1606a1f0a29c979",
      "from": "git+https://github.com/niklauslee/ir-receiver.git"
    }
  }
}
